
Microsoft Visual Studio Solution File, Format Version 12.00
# Visual Studio 2012
Project("{FAE04EC0-301F-11D3-BF4B-00C04F79EFBC}") = "NServiceStub", "NServiceStub\NServiceStub.csproj", "{B24E371A-F99C-4B6D-AB8D-54BD3292E5C8}"
EndProject
Project("{FAE04EC0-301F-11D3-BF4B-00C04F79EFBC}") = "NServiceStub.NServiceBus", "NServiceStub.NServiceBus\NServiceStub.NServiceBus.csproj", "{9C39FD68-73A4-4751-A5D1-E8C14E49DB30}"
EndProject
Project("{FAE04EC0-301F-11D3-BF4B-00C04F79EFBC}") = "OrderService", "OrderService\OrderService.csproj", "{D76D49B4-A016-4332-B82D-72E9870FDAA2}"
EndProject
Project("{FAE04EC0-301F-11D3-BF4B-00C04F79EFBC}") = "OrderService.Contracts", "OrderService.Contracts\OrderService.Contracts.csproj", "{8D4E575F-4F4D-4947-A979-EACB2EF4405D}"
EndProject
Project("{FAE04EC0-301F-11D3-BF4B-00C04F79EFBC}") = "ShippingService", "ShippingService\ShippingService.csproj", "{3BB06993-72C6-426C-A6B9-F0AB740AF6ED}"
EndProject
Project("{FAE04EC0-301F-11D3-BF4B-00C04F79EFBC}") = "ShippingService.Contracts", "ShippingService.Contracts\ShippingService.Contracts.csproj", "{E68A4715-122B-4D52-A29A-9204ACB30475}"
EndProject
Project("{FAE04EC0-301F-11D3-BF4B-00C04F79EFBC}") = "NServiceStub.IntegrationTests", "NServiceStub.IntegrationTests\NServiceStub.IntegrationTests.csproj", "{87018AA5-8DF3-445B-AB0D-02AB4E11FE6F}"
EndProject
Project("{2150E333-8FDC-42A3-9474-1A3956D46DE8}") = "Tests", "Tests", "{2DB76367-4D30-47E1-9038-98D0A5D4B974}"
EndProject
Project("{FAE04EC0-301F-11D3-BF4B-00C04F79EFBC}") = "NServiceStub.WCF", "NServiceStub.WCF\NServiceStub.WCF.csproj", "{6A1DCA88-BBDA-46F4-8F91-99B3E86B6E1B}"
EndProject
Project("{FAE04EC0-301F-11D3-BF4B-00C04F79EFBC}") = "NServiceStub.Rest", "NServiceStub.Rest\NServiceStub.Rest.csproj", "{E83F2240-91D2-4F45-96B0-2912F06F9D79}"
EndProject
Project("{FAE04EC0-301F-11D3-BF4B-00C04F79EFBC}") = "NServiceStub.UnitTests", "NServiceStub.UnitTests\NServiceStub.UnitTests.csproj", "{B5229196-AF56-49CC-8577-B049EDFD45C9}"
EndProject
Global
	GlobalSection(SolutionConfigurationPlatforms) = preSolution
		Debug|Any CPU = Debug|Any CPU
		Release|Any CPU = Release|Any CPU
	EndGlobalSection
	GlobalSection(ProjectConfigurationPlatforms) = postSolution
		{B24E371A-F99C-4B6D-AB8D-54BD3292E5C8}.Debug|Any CPU.ActiveCfg = Debug|Any CPU
		{B24E371A-F99C-4B6D-AB8D-54BD3292E5C8}.Debug|Any CPU.Build.0 = Debug|Any CPU
		{B24E371A-F99C-4B6D-AB8D-54BD3292E5C8}.Release|Any CPU.ActiveCfg = Release|Any CPU
		{B24E371A-F99C-4B6D-AB8D-54BD3292E5C8}.Release|Any CPU.Build.0 = Release|Any CPU
		{9C39FD68-73A4-4751-A5D1-E8C14E49DB30}.Debug|Any CPU.ActiveCfg = Debug|Any CPU
		{9C39FD68-73A4-4751-A5D1-E8C14E49DB30}.Debug|Any CPU.Build.0 = Debug|Any CPU
		{9C39FD68-73A4-4751-A5D1-E8C14E49DB30}.Release|Any CPU.ActiveCfg = Release|Any CPU
		{9C39FD68-73A4-4751-A5D1-E8C14E49DB30}.Release|Any CPU.Build.0 = Release|Any CPU
		{D76D49B4-A016-4332-B82D-72E9870FDAA2}.Debug|Any CPU.ActiveCfg = Debug|Any CPU
		{D76D49B4-A016-4332-B82D-72E9870FDAA2}.Debug|Any CPU.Build.0 = Debug|Any CPU
		{D76D49B4-A016-4332-B82D-72E9870FDAA2}.Release|Any CPU.ActiveCfg = Release|Any CPU
		{D76D49B4-A016-4332-B82D-72E9870FDAA2}.Release|Any CPU.Build.0 = Release|Any CPU
		{8D4E575F-4F4D-4947-A979-EACB2EF4405D}.Debug|Any CPU.ActiveCfg = Debug|Any CPU
		{8D4E575F-4F4D-4947-A979-EACB2EF4405D}.Debug|Any CPU.Build.0 = Debug|Any CPU
		{8D4E575F-4F4D-4947-A979-EACB2EF4405D}.Release|Any CPU.ActiveCfg = Release|Any CPU
		{8D4E575F-4F4D-4947-A979-EACB2EF4405D}.Release|Any CPU.Build.0 = Release|Any CPU
		{3BB06993-72C6-426C-A6B9-F0AB740AF6ED}.Debug|Any CPU.ActiveCfg = Debug|Any CPU
		{3BB06993-72C6-426C-A6B9-F0AB740AF6ED}.Debug|Any CPU.Build.0 = Debug|Any CPU
		{3BB06993-72C6-426C-A6B9-F0AB740AF6ED}.Release|Any CPU.ActiveCfg = Release|Any CPU
		{3BB06993-72C6-426C-A6B9-F0AB740AF6ED}.Release|Any CPU.Build.0 = Release|Any CPU
		{E68A4715-122B-4D52-A29A-9204ACB30475}.Debug|Any CPU.ActiveCfg = Debug|Any CPU
		{E68A4715-122B-4D52-A29A-9204ACB30475}.Debug|Any CPU.Build.0 = Debug|Any CPU
		{E68A4715-122B-4D52-A29A-9204ACB30475}.Release|Any CPU.ActiveCfg = Release|Any CPU
		{E68A4715-122B-4D52-A29A-9204ACB30475}.Release|Any CPU.Build.0 = Release|Any CPU
		{87018AA5-8DF3-445B-AB0D-02AB4E11FE6F}.Debug|Any CPU.ActiveCfg = Debug|Any CPU
		{87018AA5-8DF3-445B-AB0D-02AB4E11FE6F}.Debug|Any CPU.Build.0 = Debug|Any CPU
		{87018AA5-8DF3-445B-AB0D-02AB4E11FE6F}.Release|Any CPU.ActiveCfg = Release|Any CPU
		{87018AA5-8DF3-445B-AB0D-02AB4E11FE6F}.Release|Any CPU.Build.0 = Release|Any CPU
		{6A1DCA88-BBDA-46F4-8F91-99B3E86B6E1B}.Debug|Any CPU.ActiveCfg = Debug|Any CPU
		{6A1DCA88-BBDA-46F4-8F91-99B3E86B6E1B}.Debug|Any CPU.Build.0 = Debug|Any CPU
		{6A1DCA88-BBDA-46F4-8F91-99B3E86B6E1B}.Release|Any CPU.ActiveCfg = Release|Any CPU
		{6A1DCA88-BBDA-46F4-8F91-99B3E86B6E1B}.Release|Any CPU.Build.0 = Release|Any CPU
		{E83F2240-91D2-4F45-96B0-2912F06F9D79}.Debug|Any CPU.ActiveCfg = Debug|Any CPU
		{E83F2240-91D2-4F45-96B0-2912F06F9D79}.Debug|Any CPU.Build.0 = Debug|Any CPU
		{E83F2240-91D2-4F45-96B0-2912F06F9D79}.Release|Any CPU.ActiveCfg = Release|Any CPU
		{E83F2240-91D2-4F45-96B0-2912F06F9D79}.Release|Any CPU.Build.0 = Release|Any CPU
		{B5229196-AF56-49CC-8577-B049EDFD45C9}.Debug|Any CPU.ActiveCfg = Debug|Any CPU
		{B5229196-AF56-49CC-8577-B049EDFD45C9}.Debug|Any CPU.Build.0 = Debug|Any CPU
		{B5229196-AF56-49CC-8577-B049EDFD45C9}.Release|Any CPU.ActiveCfg = Release|Any CPU
		{B5229196-AF56-49CC-8577-B049EDFD45C9}.Release|Any CPU.Build.0 = Release|Any CPU
	EndGlobalSection
	GlobalSection(SolutionProperties) = preSolution
		HideSolutionNode = FALSE
	EndGlobalSection
	GlobalSection(NestedProjects) = preSolution
		{8D4E575F-4F4D-4947-A979-EACB2EF4405D} = {2DB76367-4D30-47E1-9038-98D0A5D4B974}
		{3BB06993-72C6-426C-A6B9-F0AB740AF6ED} = {2DB76367-4D30-47E1-9038-98D0A5D4B974}
		{E68A4715-122B-4D52-A29A-9204ACB30475} = {2DB76367-4D30-47E1-9038-98D0A5D4B974}
		{87018AA5-8DF3-445B-AB0D-02AB4E11FE6F} = {2DB76367-4D30-47E1-9038-98D0A5D4B974}
		{D76D49B4-A016-4332-B82D-72E9870FDAA2} = {2DB76367-4D30-47E1-9038-98D0A5D4B974}
		{B5229196-AF56-49CC-8577-B049EDFD45C9} = {2DB76367-4D30-47E1-9038-98D0A5D4B974}
	EndGlobalSection
EndGlobal
